
Microsoft Visual Studio Solution File, Format Version 12.00
# Visual Studio 15
VisualStudioVersion = 15.0.28307.572
MinimumVisualStudioVersion = 10.0.40219.1
Project("{FAE04EC0-301F-11D3-BF4B-00C04F79EFBC}") = "AWorkFlow.Core", "AWorkFlow.Core\AWorkFlow.Core.csproj", "{434E6AC4-3EAA-4E14-ABBF-46A80A8ADB67}"
EndProject
Project("{FAE04EC0-301F-11D3-BF4B-00C04F79EFBC}") = "AWorkFlow.Tester", "AWorkFlow.Tester\AWorkFlow.Tester.csproj", "{AD452166-3461-4DA6-82AF-9C829A22BFAC}"
EndProject
Global
	GlobalSection(SolutionConfigurationPlatforms) = preSolution
		Debug|Any CPU = Debug|Any CPU
		Release|Any CPU = Release|Any CPU
	EndGlobalSection
	GlobalSection(ProjectConfigurationPlatforms) = postSolution
		{434E6AC4-3EAA-4E14-ABBF-46A80A8ADB67}.Debug|Any CPU.ActiveCfg = Debug|Any CPU
		{434E6AC4-3EAA-4E14-ABBF-46A80A8ADB67}.Debug|Any CPU.Build.0 = Debug|Any CPU
		{434E6AC4-3EAA-4E14-ABBF-46A80A8ADB67}.Release|Any CPU.ActiveCfg = Release|Any CPU
		{434E6AC4-3EAA-4E14-ABBF-46A80A8ADB67}.Release|Any CPU.Build.0 = Release|Any CPU
		{AD452166-3461-4DA6-82AF-9C829A22BFAC}.Debug|Any CPU.ActiveCfg = Debug|Any CPU
		{AD452166-3461-4DA6-82AF-9C829A22BFAC}.Debug|Any CPU.Build.0 = Debug|Any CPU
		{AD452166-3461-4DA6-82AF-9C829A22BFAC}.Release|Any CPU.ActiveCfg = Release|Any CPU
		{AD452166-3461-4DA6-82AF-9C829A22BFAC}.Release|Any CPU.Build.0 = Release|Any CPU
	EndGlobalSection
	GlobalSection(SolutionProperties) = preSolution
		HideSolutionNode = FALSE
	EndGlobalSection
	GlobalSection(ExtensibilityGlobals) = postSolution
		SolutionGuid = {C54BAF4F-C2B8-40F8-8041-6F95F86B4FE3}
	EndGlobalSection
EndGlobal
